
Microsoft Visual Studio Solution File, Format Version 12.00
# Visual Studio Version 16
VisualStudioVersion = 16.0.31129.286
MinimumVisualStudioVersion = 10.0.40219.1
Project("{FAE04EC0-301F-11D3-BF4B-00C04F79EFBC}") = "Meekou.AspNetCoreTutorial", "Meekou.AspNetCoreTutorial.csproj", "{7E512394-DF25-4CDE-B916-8B399473F654}"
EndProject
Global
	GlobalSection(SolutionConfigurationPlatforms) = preSolution
		Debug|Any CPU = Debug|Any CPU
		Release|Any CPU = Release|Any CPU
	EndGlobalSection
	GlobalSection(ProjectConfigurationPlatforms) = postSolution
		{7E512394-DF25-4CDE-B916-8B399473F654}.Debug|Any CPU.ActiveCfg = Debug|Any CPU
		{7E512394-DF25-4CDE-B916-8B399473F654}.Debug|Any CPU.Build.0 = Debug|Any CPU
		{7E512394-DF25-4CDE-B916-8B399473F654}.Release|Any CPU.ActiveCfg = Release|Any CPU
		{7E512394-DF25-4CDE-B916-8B399473F654}.Release|Any CPU.Build.0 = Release|Any CPU
	EndGlobalSection
	GlobalSection(SolutionProperties) = preSolution
		HideSolutionNode = FALSE
	EndGlobalSection
	GlobalSection(ExtensibilityGlobals) = postSolution
		SolutionGuid = {49AE4EA4-B888-41C8-8628-7DF52F58ACF0}
	EndGlobalSection
EndGlobal
